
Microsoft Visual Studio Solution File, Format Version 12.00
# Visual Studio 2015
Project("{FAE04EC0-301F-11D3-BF4B-00C04F79EFBC}") = "Assembly-CSharp", "Assembly-CSharp.csproj", "{54F105F8-82F8-DAE5-6D3C-EA5221ED1F7D}"
EndProject
Project("{FAE04EC0-301F-11D3-BF4B-00C04F79EFBC}") = "Assembly-CSharp-Editor", "Assembly-CSharp-Editor.csproj", "{D68C1BA8-5D71-A97F-A008-422D1C05990A}"
EndProject
Global
	GlobalSection(SolutionConfigurationPlatforms) = preSolution
		Debug|Any CPU = Debug|Any CPU
		Release|Any CPU = Release|Any CPU
	EndGlobalSection
	GlobalSection(ProjectConfigurationPlatforms) = postSolution
		{54F105F8-82F8-DAE5-6D3C-EA5221ED1F7D}.Debug|Any CPU.ActiveCfg = Debug|Any CPU
		{54F105F8-82F8-DAE5-6D3C-EA5221ED1F7D}.Debug|Any CPU.Build.0 = Debug|Any CPU
		{54F105F8-82F8-DAE5-6D3C-EA5221ED1F7D}.Release|Any CPU.ActiveCfg = Release|Any CPU
		{54F105F8-82F8-DAE5-6D3C-EA5221ED1F7D}.Release|Any CPU.Build.0 = Release|Any CPU
		{D68C1BA8-5D71-A97F-A008-422D1C05990A}.Debug|Any CPU.ActiveCfg = Debug|Any CPU
		{D68C1BA8-5D71-A97F-A008-422D1C05990A}.Debug|Any CPU.Build.0 = Debug|Any CPU
		{D68C1BA8-5D71-A97F-A008-422D1C05990A}.Release|Any CPU.ActiveCfg = Release|Any CPU
		{D68C1BA8-5D71-A97F-A008-422D1C05990A}.Release|Any CPU.Build.0 = Release|Any CPU
	EndGlobalSection
	GlobalSection(SolutionProperties) = preSolution
		HideSolutionNode = FALSE
	EndGlobalSection
EndGlobal
